{
  "name": "Landingpage",
  "version": "1.0.0",
  "lockfileVersion": 2,
  "requires": true,
  "packages": {
    "": {
      "name": "Landingpage",
      "version": "1.0.0",
      "dependencies": {
        "@create-figma-plugin/ui": "^2.1.5",
        "figma-plugin-ds": "^1.0.1",
        "hex-rgb": "^5.0.0",
        "preact": "^10.11.3"
      },
      "devDependencies": {
        "@figma/plugin-typings": "^1.55.1",
        "typescript": "*"
      }
    },
    "node_modules/@create-figma-plugin/ui": {
      "version": "2.1.5",
      "resolved": "https://registry.npmjs.org/@create-figma-plugin/ui/-/ui-2.1.5.tgz",
      "integrity": "sha512-Rges9ds08tM5VKgRBSq8sxVJuUjlImS8ITb/T8Z+dMoH3ZoF7U4ZRzssIRyt5bkryngnbIkY7hMMm9qJe6yQVA==",
      "dependencies": {
        "@create-figma-plugin/utilities": "^2.1.5"
      },
      "engines": {
        "node": ">=16"
      },
      "peerDependencies": {
        "preact": "^10"
      }
    },
    "node_modules/@create-figma-plugin/utilities": {
      "version": "2.1.5",
      "resolved": "https://registry.npmjs.org/@create-figma-plugin/utilities/-/utilities-2.1.5.tgz",
      "integrity": "sha512-FTwlkyA2yLKbMcKWSSvfcXbICcgbBTeGTWLK8hblJQnI10qXOfyZtcLrIao+KP+16GZfee5gf5WYypVE6sqiuw==",
      "dependencies": {
        "hex-rgb": "^5.0.0",
        "natural-compare-lite": "1.4.0",
        "rgb-hex": "^4.0.0"
      },
      "engines": {
        "node": ">=16"
      }
    },
    "node_modules/@figma/plugin-typings": {
      "version": "1.55.1",
      "resolved": "https://registry.npmjs.org/@figma/plugin-typings/-/plugin-typings-1.55.1.tgz",
      "integrity": "sha512-gNyAFMA83oNJ8X4xrMjs49CCPwfRRdNepvZUx4gxS5/GBnZqV+rhEkM9crgJrynrE1VgxILLjQIPgUxxSNBWJQ==",
      "dev": true
    },
    "node_modules/figma-plugin-ds": {
      "version": "1.0.1",
      "resolved": "https://registry.npmjs.org/figma-plugin-ds/-/figma-plugin-ds-1.0.1.tgz",
      "integrity": "sha512-j1/mcHeYx8IRzdLbNyqo9PQXqtI3ujN/RfjuXFS7OintJojuXG2GuaL8COzqAH66ZPXx4aFHMkqRjbBaudBCpA=="
    },
    "node_modules/hex-rgb": {
      "version": "5.0.0",
      "resolved": "https://registry.npmjs.org/hex-rgb/-/hex-rgb-5.0.0.tgz",
      "integrity": "sha512-NQO+lgVUCtHxZ792FodgW0zflK+ozS9X9dwGp9XvvmPlH7pyxd588cn24TD3rmPm/N0AIRXF10Otah8yKqGw4w==",
      "engines": {
        "node": ">=12"
      },
      "funding": {
        "url": "https://github.com/sponsors/sindresorhus"
      }
    },
    "node_modules/natural-compare-lite": {
      "version": "1.4.0",
      "resolved": "https://registry.npmjs.org/natural-compare-lite/-/natural-compare-lite-1.4.0.tgz",
      "integrity": "sha512-Tj+HTDSJJKaZnfiuw+iaF9skdPpTo2GtEly5JHnWV/hfv2Qj/9RKsGISQtLh2ox3l5EAGw487hnBee0sIJ6v2g=="
    },
    "node_modules/preact": {
      "version": "10.11.3",
      "resolved": "https://registry.npmjs.org/preact/-/preact-10.11.3.tgz",
      "integrity": "sha512-eY93IVpod/zG3uMF22Unl8h9KkrcKIRs2EGar8hwLZZDU1lkjph303V9HZBwufh2s736U6VXuhD109LYqPoffg==",
      "funding": {
        "type": "opencollective",
        "url": "https://opencollective.com/preact"
      }
    },
    "node_modules/rgb-hex": {
      "version": "4.0.0",
      "resolved": "https://registry.npmjs.org/rgb-hex/-/rgb-hex-4.0.0.tgz",
      "integrity": "sha512-Eg2ev5CiMBnQ9Gpflmqbwbso0CCdISqtVIow7OpYSLN1ULUv2jTB9YieS1DSSn/17AD7KkPWDPzSFzI4GSuu/Q==",
      "engines": {
        "node": ">=12"
      },
      "funding": {
        "url": "https://github.com/sponsors/sindresorhus"
      }
    },
    "node_modules/typescript": {
      "version": "4.9.3",
      "resolved": "https://registry.npmjs.org/typescript/-/typescript-4.9.3.tgz",
      "integrity": "sha512-CIfGzTelbKNEnLpLdGFgdyKhG23CKdKgQPOBc+OUNrkJ2vr+KSzsSV5kq5iWhEQbok+quxgGzrAtGWCyU7tHnA==",
      "dev": true,
      "bin": {
        "tsc": "bin/tsc",
        "tsserver": "bin/tsserver"
      },
      "engines": {
        "node": ">=4.2.0"
      }
    }
  },
  "dependencies": {
    "@create-figma-plugin/ui": {
      "version": "2.1.5",
      "resolved": "https://registry.npmjs.org/@create-figma-plugin/ui/-/ui-2.1.5.tgz",
      "integrity": "sha512-Rges9ds08tM5VKgRBSq8sxVJuUjlImS8ITb/T8Z+dMoH3ZoF7U4ZRzssIRyt5bkryngnbIkY7hMMm9qJe6yQVA==",
      "requires": {
        "@create-figma-plugin/utilities": "^2.1.5"
      }
    },
    "@create-figma-plugin/utilities": {
      "version": "2.1.5",
      "resolved": "https://registry.npmjs.org/@create-figma-plugin/utilities/-/utilities-2.1.5.tgz",
      "integrity": "sha512-FTwlkyA2yLKbMcKWSSvfcXbICcgbBTeGTWLK8hblJQnI10qXOfyZtcLrIao+KP+16GZfee5gf5WYypVE6sqiuw==",
      "requires": {
        "hex-rgb": "^5.0.0",
        "natural-compare-lite": "1.4.0",
        "rgb-hex": "^4.0.0"
      }
    },
    "@figma/plugin-typings": {
      "version": "1.55.1",
      "resolved": "https://registry.npmjs.org/@figma/plugin-typings/-/plugin-typings-1.55.1.tgz",
      "integrity": "sha512-gNyAFMA83oNJ8X4xrMjs49CCPwfRRdNepvZUx4gxS5/GBnZqV+rhEkM9crgJrynrE1VgxILLjQIPgUxxSNBWJQ==",
      "dev": true
    },
    "figma-plugin-ds": {
      "version": "1.0.1",
      "resolved": "https://registry.npmjs.org/figma-plugin-ds/-/figma-plugin-ds-1.0.1.tgz",
      "integrity": "sha512-j1/mcHeYx8IRzdLbNyqo9PQXqtI3ujN/RfjuXFS7OintJojuXG2GuaL8COzqAH66ZPXx4aFHMkqRjbBaudBCpA=="
    },
    "hex-rgb": {
      "version": "5.0.0",
      "resolved": "https://registry.npmjs.org/hex-rgb/-/hex-rgb-5.0.0.tgz",
      "integrity": "sha512-NQO+lgVUCtHxZ792FodgW0zflK+ozS9X9dwGp9XvvmPlH7pyxd588cn24TD3rmPm/N0AIRXF10Otah8yKqGw4w=="
    },
    "natural-compare-lite": {
      "version": "1.4.0",
      "resolved": "https://registry.npmjs.org/natural-compare-lite/-/natural-compare-lite-1.4.0.tgz",
      "integrity": "sha512-Tj+HTDSJJKaZnfiuw+iaF9skdPpTo2GtEly5JHnWV/hfv2Qj/9RKsGISQtLh2ox3l5EAGw487hnBee0sIJ6v2g=="
    },
    "preact": {
      "version": "10.11.3",
      "resolved": "https://registry.npmjs.org/preact/-/preact-10.11.3.tgz",
      "integrity": "sha512-eY93IVpod/zG3uMF22Unl8h9KkrcKIRs2EGar8hwLZZDU1lkjph303V9HZBwufh2s736U6VXuhD109LYqPoffg=="
    },
    "rgb-hex": {
      "version": "4.0.0",
      "resolved": "https://registry.npmjs.org/rgb-hex/-/rgb-hex-4.0.0.tgz",
      "integrity": "sha512-Eg2ev5CiMBnQ9Gpflmqbwbso0CCdISqtVIow7OpYSLN1ULUv2jTB9YieS1DSSn/17AD7KkPWDPzSFzI4GSuu/Q=="
    },
    "typescript": {
      "version": "4.9.3",
      "resolved": "https://registry.npmjs.org/typescript/-/typescript-4.9.3.tgz",
      "integrity": "sha512-CIfGzTelbKNEnLpLdGFgdyKhG23CKdKgQPOBc+OUNrkJ2vr+KSzsSV5kq5iWhEQbok+quxgGzrAtGWCyU7tHnA==",
      "dev": true
    }
  }
}
